{
  "name": "create-vite-rubaine-react-ts",
  "version": "1.0.3",
  "lockfileVersion": 3,
  "requires": true,
  "packages": {
    "": {
      "name": "create-vite-rubaine-react-ts",
      "version": "1.0.3",
      "license": "MIT",
      "bin": {
        "create-vite-rubaine-react-ts": "bin/create-vite-rubaine-react-ts.js"
      },
      "engines": {
        "node": ">=18.0.0"
      }
    }
  }
}
